
Microsoft Visual Studio Solution File, Format Version 12.00
# Visual Studio 2013
VisualStudioVersion = 12.0.31101.0
MinimumVisualStudioVersion = 10.0.40219.1
Project("{FAE04EC0-301F-11D3-BF4B-00C04F79EFBC}") = "COM.ZUOMANE.BLL", "COM.ZUOMANE.BLL\COM.ZUOMANE.BLL.csproj", "{0131622E-65EA-4D79-80A9-B98FF12030B5}"
EndProject
Project("{FAE04EC0-301F-11D3-BF4B-00C04F79EFBC}") = "COM.ZUOMANE.Common", "COM.ZUOMANE.Common\COM.ZUOMANE.Common.csproj", "{4844A187-6463-47C3-877C-9F3BC9A96388}"
EndProject
Project("{FAE04EC0-301F-11D3-BF4B-00C04F79EFBC}") = "COM.ZUOMANE.Models", "COM.ZUOMANE.Models\COM.ZUOMANE.Models.csproj", "{BAB48412-AE9B-4281-97C0-377ADD5D9A38}"
EndProject
Project("{FAE04EC0-301F-11D3-BF4B-00C04F79EFBC}") = "COM.ZUOMANE.ViewModels", "COM.ZUOMANE.ViewModels\COM.ZUOMANE.ViewModels.csproj", "{7E6C6231-DD8C-44E9-9012-39F890013F1A}"
EndProject
Project("{FAE04EC0-301F-11D3-BF4B-00C04F79EFBC}") = "COM.ZUOMANE.Portal", "COM.ZUOMANE.Portal\COM.ZUOMANE.Portal.csproj", "{2835FDBA-96BA-4D5C-850D-A909BB12F4E3}"
EndProject
Project("{2150E333-8FDC-42A3-9474-1A3956D46DE8}") = "Database", "Database", "{20147954-30EF-4A64-8328-BCC28722AFF1}"
	ProjectSection(SolutionItems) = preProject
		Database\COM.ZUOMANE.Database.mdf = Database\COM.ZUOMANE.Database.mdf
		Database\COM.ZUOMANE.Database_log.ldf = Database\COM.ZUOMANE.Database_log.ldf
		Database\COM.ZUOMANE.Membership.mdf = Database\COM.ZUOMANE.Membership.mdf
		Database\COM.ZUOMANE.Membership_log.ldf = Database\COM.ZUOMANE.Membership_log.ldf
	EndProjectSection
EndProject
Project("{2150E333-8FDC-42A3-9474-1A3956D46DE8}") = "Lib", "Lib", "{BA35E8A9-2377-47FF-BED1-C9AE53AA1EE4}"
	ProjectSection(SolutionItems) = preProject
		Lib\CKFinder.dll = Lib\CKFinder.dll
		Lib\COM.Excel.dll = Lib\COM.Excel.dll
		Lib\LTP.Accounts.dll = Lib\LTP.Accounts.dll
		Lib\LtpPageControl.dll = Lib\LtpPageControl.dll
		Lib\Microsoft.Practices.EnterpriseLibrary.Common.dll = Lib\Microsoft.Practices.EnterpriseLibrary.Common.dll
		Lib\Microsoft.Practices.EnterpriseLibrary.Data.dll = Lib\Microsoft.Practices.EnterpriseLibrary.Data.dll
		Lib\Microsoft.Web.UI.WebControls.dll = Lib\Microsoft.Web.UI.WebControls.dll
		Lib\MySql.Data.dll = Lib\MySql.Data.dll
		Lib\OpenSmtp.dll = Lib\OpenSmtp.dll
		Lib\OWC10Chart.dll = Lib\OWC10Chart.dll
		Lib\System.Data.SQLite.DLL = Lib\System.Data.SQLite.DLL
		Lib\System.Data.SQLite.lib = Lib\System.Data.SQLite.lib
		Lib\System.Web.WebPages.dll = Lib\System.Web.WebPages.dll
	EndProjectSection
EndProject
Project("{FAE04EC0-301F-11D3-BF4B-00C04F79EFBC}") = "COM.ZUOMANE.DAL", "COM.ZUOMANE.DAL\COM.ZUOMANE.DAL.csproj", "{754EF61E-E405-4690-ACE2-6E05684D4E7D}"
EndProject
Global
	GlobalSection(SolutionConfigurationPlatforms) = preSolution
		Debug|Any CPU = Debug|Any CPU
		Release|Any CPU = Release|Any CPU
	EndGlobalSection
	GlobalSection(ProjectConfigurationPlatforms) = postSolution
		{0131622E-65EA-4D79-80A9-B98FF12030B5}.Debug|Any CPU.ActiveCfg = Debug|Any CPU
		{0131622E-65EA-4D79-80A9-B98FF12030B5}.Debug|Any CPU.Build.0 = Debug|Any CPU
		{0131622E-65EA-4D79-80A9-B98FF12030B5}.Release|Any CPU.ActiveCfg = Release|Any CPU
		{0131622E-65EA-4D79-80A9-B98FF12030B5}.Release|Any CPU.Build.0 = Release|Any CPU
		{4844A187-6463-47C3-877C-9F3BC9A96388}.Debug|Any CPU.ActiveCfg = Debug|Any CPU
		{4844A187-6463-47C3-877C-9F3BC9A96388}.Debug|Any CPU.Build.0 = Debug|Any CPU
		{4844A187-6463-47C3-877C-9F3BC9A96388}.Release|Any CPU.ActiveCfg = Release|Any CPU
		{4844A187-6463-47C3-877C-9F3BC9A96388}.Release|Any CPU.Build.0 = Release|Any CPU
		{BAB48412-AE9B-4281-97C0-377ADD5D9A38}.Debug|Any CPU.ActiveCfg = Debug|Any CPU
		{BAB48412-AE9B-4281-97C0-377ADD5D9A38}.Debug|Any CPU.Build.0 = Debug|Any CPU
		{BAB48412-AE9B-4281-97C0-377ADD5D9A38}.Release|Any CPU.ActiveCfg = Release|Any CPU
		{BAB48412-AE9B-4281-97C0-377ADD5D9A38}.Release|Any CPU.Build.0 = Release|Any CPU
		{7E6C6231-DD8C-44E9-9012-39F890013F1A}.Debug|Any CPU.ActiveCfg = Debug|Any CPU
		{7E6C6231-DD8C-44E9-9012-39F890013F1A}.Debug|Any CPU.Build.0 = Debug|Any CPU
		{7E6C6231-DD8C-44E9-9012-39F890013F1A}.Release|Any CPU.ActiveCfg = Release|Any CPU
		{7E6C6231-DD8C-44E9-9012-39F890013F1A}.Release|Any CPU.Build.0 = Release|Any CPU
		{2835FDBA-96BA-4D5C-850D-A909BB12F4E3}.Debug|Any CPU.ActiveCfg = Debug|Any CPU
		{2835FDBA-96BA-4D5C-850D-A909BB12F4E3}.Debug|Any CPU.Build.0 = Debug|Any CPU
		{2835FDBA-96BA-4D5C-850D-A909BB12F4E3}.Release|Any CPU.ActiveCfg = Release|Any CPU
		{2835FDBA-96BA-4D5C-850D-A909BB12F4E3}.Release|Any CPU.Build.0 = Release|Any CPU
		{754EF61E-E405-4690-ACE2-6E05684D4E7D}.Debug|Any CPU.ActiveCfg = Debug|Any CPU
		{754EF61E-E405-4690-ACE2-6E05684D4E7D}.Debug|Any CPU.Build.0 = Debug|Any CPU
		{754EF61E-E405-4690-ACE2-6E05684D4E7D}.Release|Any CPU.ActiveCfg = Release|Any CPU
		{754EF61E-E405-4690-ACE2-6E05684D4E7D}.Release|Any CPU.Build.0 = Release|Any CPU
	EndGlobalSection
	GlobalSection(SolutionProperties) = preSolution
		HideSolutionNode = FALSE
	EndGlobalSection
EndGlobal
